
Microsoft Visual Studio Solution File, Format Version 12.00
# Visual Studio Version 17
VisualStudioVersion = 17.13.35806.99 d17.13
MinimumVisualStudioVersion = 10.0.40219.1
Project("{FAE04EC0-301F-11D3-BF4B-00C04F79EFBC}") = "MuralRecado1", "MuralRecado1\MuralRecado1.csproj", "{3E93FE6D-A00E-4F27-AFC9-5A915FE6B6C8}"
EndProject
Global
	GlobalSection(SolutionConfigurationPlatforms) = preSolution
		Debug|Any CPU = Debug|Any CPU
		Release|Any CPU = Release|Any CPU
	EndGlobalSection
	GlobalSection(ProjectConfigurationPlatforms) = postSolution
		{3E93FE6D-A00E-4F27-AFC9-5A915FE6B6C8}.Debug|Any CPU.ActiveCfg = Debug|Any CPU
		{3E93FE6D-A00E-4F27-AFC9-5A915FE6B6C8}.Debug|Any CPU.Build.0 = Debug|Any CPU
		{3E93FE6D-A00E-4F27-AFC9-5A915FE6B6C8}.Release|Any CPU.ActiveCfg = Release|Any CPU
		{3E93FE6D-A00E-4F27-AFC9-5A915FE6B6C8}.Release|Any CPU.Build.0 = Release|Any CPU
	EndGlobalSection
	GlobalSection(SolutionProperties) = preSolution
		HideSolutionNode = FALSE
	EndGlobalSection
	GlobalSection(ExtensibilityGlobals) = postSolution
		SolutionGuid = {F9158433-76D1-46D8-A1D3-EAB32809ACF0}
	EndGlobalSection
EndGlobal
